
Microsoft Visual Studio Solution File, Format Version 12.00
# Visual Studio Version 17
VisualStudioVersion = 17.0.31903.59
MinimumVisualStudioVersion = 10.0.40219.1
Project("{FAE04EC0-301F-11D3-BF4B-00C04F79EFBC}") = "Thumbico", "Thumbico\Thumbico.csproj", "{BDE1729B-5951-4075-ABDB-03E8694793AF}"
EndProject
Global
	GlobalSection(SolutionConfigurationPlatforms) = preSolution
		Debug|Any CPU = Debug|Any CPU
		Release|Any CPU = Release|Any CPU
	EndGlobalSection
	GlobalSection(ProjectConfigurationPlatforms) = postSolution
		{BDE1729B-5951-4075-ABDB-03E8694793AF}.Debug|Any CPU.ActiveCfg = Debug|Any CPU
		{BDE1729B-5951-4075-ABDB-03E8694793AF}.Debug|Any CPU.Build.0 = Debug|Any CPU
		{BDE1729B-5951-4075-ABDB-03E8694793AF}.Release|Any CPU.ActiveCfg = Release|Any CPU
		{BDE1729B-5951-4075-ABDB-03E8694793AF}.Release|Any CPU.Build.0 = Release|Any CPU
	EndGlobalSection
	GlobalSection(SolutionProperties) = preSolution
		HideSolutionNode = FALSE
	EndGlobalSection
	GlobalSection(ExtensibilityGlobals) = postSolution
		SolutionGuid = {CE071090-B35F-4CDC-BED1-4856D70472CB}
	EndGlobalSection
EndGlobal
